
Microsoft Visual Studio Solution File, Format Version 12.00
# Visual Studio Version 16
VisualStudioVersion = 16.0.31729.503
MinimumVisualStudioVersion = 10.0.40219.1
Project("{FAE04EC0-301F-11D3-BF4B-00C04F79EFBC}") = "XamarinTest.Android", "XamarinTest\XamarinTest.Android\XamarinTest.Android.csproj", "{B67654E5-EF65-4DD0-BE37-723D3CEC5792}"
EndProject
Project("{FAE04EC0-301F-11D3-BF4B-00C04F79EFBC}") = "XamarinTest.iOS", "XamarinTest\XamarinTest.iOS\XamarinTest.iOS.csproj", "{B13F4EDD-1ABF-4D15-BCC3-AF919DD09E93}"
EndProject
Project("{FAE04EC0-301F-11D3-BF4B-00C04F79EFBC}") = "XamarinTest", "XamarinTest\XamarinTest\XamarinTest.csproj", "{E26DDB0C-ED7F-48D1-9416-174F31B639C1}"
EndProject
Global
	GlobalSection(SolutionConfigurationPlatforms) = preSolution
		Debug|Any CPU = Debug|Any CPU
		Debug|iPhone = Debug|iPhone
		Debug|iPhoneSimulator = Debug|iPhoneSimulator
		Release|Any CPU = Release|Any CPU
		Release|iPhone = Release|iPhone
		Release|iPhoneSimulator = Release|iPhoneSimulator
	EndGlobalSection
	GlobalSection(ProjectConfigurationPlatforms) = postSolution
		{B67654E5-EF65-4DD0-BE37-723D3CEC5792}.Debug|Any CPU.ActiveCfg = Debug|Any CPU
		{B67654E5-EF65-4DD0-BE37-723D3CEC5792}.Debug|Any CPU.Build.0 = Debug|Any CPU
		{B67654E5-EF65-4DD0-BE37-723D3CEC5792}.Debug|Any CPU.Deploy.0 = Debug|Any CPU
		{B67654E5-EF65-4DD0-BE37-723D3CEC5792}.Debug|iPhone.ActiveCfg = Debug|Any CPU
		{B67654E5-EF65-4DD0-BE37-723D3CEC5792}.Debug|iPhone.Build.0 = Debug|Any CPU
		{B67654E5-EF65-4DD0-BE37-723D3CEC5792}.Debug|iPhone.Deploy.0 = Debug|Any CPU
		{B67654E5-EF65-4DD0-BE37-723D3CEC5792}.Debug|iPhoneSimulator.ActiveCfg = Debug|Any CPU
		{B67654E5-EF65-4DD0-BE37-723D3CEC5792}.Debug|iPhoneSimulator.Build.0 = Debug|Any CPU
		{B67654E5-EF65-4DD0-BE37-723D3CEC5792}.Debug|iPhoneSimulator.Deploy.0 = Debug|Any CPU
		{B67654E5-EF65-4DD0-BE37-723D3CEC5792}.Release|Any CPU.ActiveCfg = Release|Any CPU
		{B67654E5-EF65-4DD0-BE37-723D3CEC5792}.Release|Any CPU.Build.0 = Release|Any CPU
		{B67654E5-EF65-4DD0-BE37-723D3CEC5792}.Release|Any CPU.Deploy.0 = Release|Any CPU
		{B67654E5-EF65-4DD0-BE37-723D3CEC5792}.Release|iPhone.ActiveCfg = Release|Any CPU
		{B67654E5-EF65-4DD0-BE37-723D3CEC5792}.Release|iPhone.Build.0 = Release|Any CPU
		{B67654E5-EF65-4DD0-BE37-723D3CEC5792}.Release|iPhone.Deploy.0 = Release|Any CPU
		{B67654E5-EF65-4DD0-BE37-723D3CEC5792}.Release|iPhoneSimulator.ActiveCfg = Release|Any CPU
		{B67654E5-EF65-4DD0-BE37-723D3CEC5792}.Release|iPhoneSimulator.Build.0 = Release|Any CPU
		{B67654E5-EF65-4DD0-BE37-723D3CEC5792}.Release|iPhoneSimulator.Deploy.0 = Release|Any CPU
		{B13F4EDD-1ABF-4D15-BCC3-AF919DD09E93}.Debug|Any CPU.ActiveCfg = Debug|iPhoneSimulator
		{B13F4EDD-1ABF-4D15-BCC3-AF919DD09E93}.Debug|iPhone.ActiveCfg = Debug|iPhone
		{B13F4EDD-1ABF-4D15-BCC3-AF919DD09E93}.Debug|iPhone.Build.0 = Debug|iPhone
		{B13F4EDD-1ABF-4D15-BCC3-AF919DD09E93}.Debug|iPhoneSimulator.ActiveCfg = Debug|iPhoneSimulator
		{B13F4EDD-1ABF-4D15-BCC3-AF919DD09E93}.Debug|iPhoneSimulator.Build.0 = Debug|iPhoneSimulator
		{B13F4EDD-1ABF-4D15-BCC3-AF919DD09E93}.Release|Any CPU.ActiveCfg = Release|iPhoneSimulator
		{B13F4EDD-1ABF-4D15-BCC3-AF919DD09E93}.Release|iPhone.ActiveCfg = Release|iPhone
		{B13F4EDD-1ABF-4D15-BCC3-AF919DD09E93}.Release|iPhone.Build.0 = Release|iPhone
		{B13F4EDD-1ABF-4D15-BCC3-AF919DD09E93}.Release|iPhoneSimulator.ActiveCfg = Release|iPhoneSimulator
		{B13F4EDD-1ABF-4D15-BCC3-AF919DD09E93}.Release|iPhoneSimulator.Build.0 = Release|iPhoneSimulator
		{E26DDB0C-ED7F-48D1-9416-174F31B639C1}.Debug|Any CPU.ActiveCfg = Debug|Any CPU
		{E26DDB0C-ED7F-48D1-9416-174F31B639C1}.Debug|Any CPU.Build.0 = Debug|Any CPU
		{E26DDB0C-ED7F-48D1-9416-174F31B639C1}.Debug|iPhone.ActiveCfg = Debug|Any CPU
		{E26DDB0C-ED7F-48D1-9416-174F31B639C1}.Debug|iPhone.Build.0 = Debug|Any CPU
		{E26DDB0C-ED7F-48D1-9416-174F31B639C1}.Debug|iPhoneSimulator.ActiveCfg = Debug|Any CPU
		{E26DDB0C-ED7F-48D1-9416-174F31B639C1}.Debug|iPhoneSimulator.Build.0 = Debug|Any CPU
		{E26DDB0C-ED7F-48D1-9416-174F31B639C1}.Release|Any CPU.ActiveCfg = Release|Any CPU
		{E26DDB0C-ED7F-48D1-9416-174F31B639C1}.Release|Any CPU.Build.0 = Release|Any CPU
		{E26DDB0C-ED7F-48D1-9416-174F31B639C1}.Release|iPhone.ActiveCfg = Release|Any CPU
		{E26DDB0C-ED7F-48D1-9416-174F31B639C1}.Release|iPhone.Build.0 = Release|Any CPU
		{E26DDB0C-ED7F-48D1-9416-174F31B639C1}.Release|iPhoneSimulator.ActiveCfg = Release|Any CPU
		{E26DDB0C-ED7F-48D1-9416-174F31B639C1}.Release|iPhoneSimulator.Build.0 = Release|Any CPU
	EndGlobalSection
	GlobalSection(SolutionProperties) = preSolution
		HideSolutionNode = FALSE
	EndGlobalSection
	GlobalSection(ExtensibilityGlobals) = postSolution
		SolutionGuid = {43CC0EC1-B0C5-4C8D-AF4F-BB6084A71B49}
	EndGlobalSection
EndGlobal
